// !$*UTF8*$!
{
	archiveVersion = 1;
	classes = {
	};
	objectVersion = 48;
	objects = {

/* Begin PBXBuildFile section */
		496EA42D204F309A00C2F94A /* AppDelegate.swift in Sources */ = {isa = PBXBuildFile; fileRef = 496EA42C204F309A00C2F94A /* AppDelegate.swift */; };
		496EA42F204F309A00C2F94A /* ViewController.swift in Sources */ = {isa = PBXBuildFile; fileRef = 496EA42E204F309A00C2F94A /* ViewController.swift */; };
		496EA432204F309A00C2F94A /* Main.storyboard in Resources */ = {isa = PBXBuildFile; fileRef = 496EA430204F309A00C2F94A /* Main.storyboard */; };
		496EA434204F309A00C2F94A /* Assets.xcassets in Resources */ = {isa = PBXBuildFile; fileRef = 496EA433204F309A00C2F94A /* Assets.xcassets */; };
		496EA437204F309A00C2F94A /* LaunchScreen.storyboard in Resources */ = {isa = PBXBuildFile; fileRef = 496EA435204F309A00C2F94A /* LaunchScreen.storyboard */; };
		50E1C78B296A1457DDAC2282 /* Pods_BarCodeSvannerDemo.framework in Frameworks */ = {isa = PBXBuildFile; fileRef = 5AF716C748A70E831B35E83B /* Pods_BarCodeSvannerDemo.framework */; };
/* End PBXBuildFile section */

/* Begin PBXFileReference section */
		496EA429204F309A00C2F94A /* BarCodeSvannerDemo.app */ = {isa = PBXFileReference; explicitFileType = wrapper.application; includeInIndex = 0; path = BarCodeSvannerDemo.app; sourceTree = BUILT_PRODUCTS_DIR; };
		496EA42C204F309A00C2F94A /* AppDelegate.swift */ = {isa = PBXFileReference; lastKnownFileType = sourcecode.swift; path = AppDelegate.swift; sourceTree = "<group>"; };
		496EA42E204F309A00C2F94A /* ViewController.swift */ = {isa = PBXFileReference; lastKnownFileType = sourcecode.swift; path = ViewController.swift; sourceTree = "<group>"; };
		496EA431204F309A00C2F94A /* Base */ = {isa = PBXFileReference; lastKnownFileType = file.storyboard; name = Base; path = Base.lproj/Main.storyboard; sourceTree = "<group>"; };
		496EA433204F309A00C2F94A /* Assets.xcassets */ = {isa = PBXFileReference; lastKnownFileType = folder.assetcatalog; path = Assets.xcassets; sourceTree = "<group>"; };
		496EA436204F309A00C2F94A /* Base */ = {isa = PBXFileReference; lastKnownFileType = file.storyboard; name = Base; path = Base.lproj/LaunchScreen.storyboard; sourceTree = "<group>"; };
		496EA438204F309A00C2F94A /* Info.plist */ = {isa = PBXFileReference; lastKnownFileType = text.plist.xml; path = Info.plist; sourceTree = "<group>"; };
		4B24EBC305B0A7905B8EF8A9 /* Pods-BarCodeSvannerDemo.release.xcconfig */ = {isa = PBXFileReference; includeInIndex = 1; lastKnownFileType = text.xcconfig; name = "Pods-BarCodeSvannerDemo.release.xcconfig"; path = "Pods/Target Support Files/Pods-BarCodeSvannerDemo/Pods-BarCodeSvannerDemo.release.xcconfig"; sourceTree = "<group>"; };
		5AF716C748A70E831B35E83B /* Pods_BarCodeSvannerDemo.framework */ = {isa = PBXFileReference; explicitFileType = wrapper.framework; includeInIndex = 0; path = Pods_BarCodeSvannerDemo.framework; sourceTree = BUILT_PRODUCTS_DIR; };
		6EAAE8F78675B50FADBC857E /* Pods-BarCodeSvannerDemo.debug.xcconfig */ = {isa = PBXFileReference; includeInIndex = 1; lastKnownFileType = text.xcconfig; name = "Pods-BarCodeSvannerDemo.debug.xcconfig"; path = "Pods/Target Support Files/Pods-BarCodeSvannerDemo/Pods-BarCodeSvannerDemo.debug.xcconfig"; sourceTree = "<group>"; };
/* End PBXFileReference section */

/* Begin PBXFrameworksBuildPhase section */
		496EA426204F309A00C2F94A /* Frameworks */ = {
			isa = PBXFrameworksBuildPhase;
			buildActionMask = 2147483647;
			files = (
				50E1C78B296A1457DDAC2282 /* Pods_BarCodeSvannerDemo.framework in Frameworks */,
			);
			runOnlyForDeploymentPostprocessing = 0;
		};
/* End PBXFrameworksBuildPhase section */

/* Begin PBXGroup section */
		24B5ADA457C4702164944566 /* Pods */ = {
			isa = PBXGroup;
			children = (
				6EAAE8F78675B50FADBC857E /* Pods-BarCodeSvannerDemo.debug.xcconfig */,
				4B24EBC305B0A7905B8EF8A9 /* Pods-BarCodeSvannerDemo.release.xcconfig */,
			);
			name = Pods;
			sourceTree = "<group>";
		};
		296A59FEFA48F62FBB3F026E /* Frameworks */ = {
			isa = PBXGroup;
			children = (
				5AF716C748A70E831B35E83B /* Pods_BarCodeSvannerDemo.framework */,
			);
			name = Frameworks;
			sourceTree = "<group>";
		};
		496EA420204F309A00C2F94A = {
			isa = PBXGroup;
			children = (
				496EA42B204F309A00C2F94A /* BarCodeSvannerDemo */,
				496EA42A204F309A00C2F94A /* Products */,
				24B5ADA457C4702164944566 /* Pods */,
				296A59FEFA48F62FBB3F026E /* Frameworks */,
			);
			sourceTree = "<group>";
		};
		496EA42A204F309A00C2F94A /* Products */ = {
			isa = PBXGroup;
			children = (
				496EA429204F309A00C2F94A /* BarCodeSvannerDemo.app */,
			);
			name = Products;
			sourceTree = "<group>";
		};
		496EA42B204F309A00C2F94A /* BarCodeSvannerDemo */ = {
			isa = PBXGroup;
			children = (
				496EA42C204F309A00C2F94A /* AppDelegate.swift */,
				496EA42E204F309A00C2F94A /* ViewController.swift */,
				496EA430204F309A00C2F94A /* Main.storyboard */,
				496EA433204F309A00C2F94A /* Assets.xcassets */,
				496EA435204F309A00C2F94A /* LaunchScreen.storyboard */,
				496EA438204F309A00C2F94A /* Info.plist */,
			);
			path = BarCodeSvannerDemo;
			sourceTree = "<group>";
		};
/* End PBXGroup section */

/* Begin PBXNativeTarget section */
		496EA428204F309A00C2F94A /* BarCodeSvannerDemo */ = {
			isa = PBXNativeTarget;
			buildConfigurationList = 496EA43B204F309A00C2F94A /* Build configuration list for PBXNativeTarget "BarCodeSvannerDemo" */;
			buildPhases = (
				AD78A36FBC8D4FA8B04D4C5A /* [CP] Check Pods Manifest.lock */,
				496EA425204F309A00C2F94A /* Sources */,
				496EA426204F309A00C2F94A /* Frameworks */,
				496EA427204F309A00C2F94A /* Resources */,
				39ECCE08A2365C870FD5F69D /* [CP] Embed Pods Frameworks */,
				F40ACC65D6C05B845FE509D4 /* [CP] Copy Pods Resources */,
			);
			buildRules = (
			);
			dependencies = (
			);
			name = BarCodeSvannerDemo;
			productName = BarCodeSvannerDemo;
			productReference = 496EA429204F309A00C2F94A /* BarCodeSvannerDemo.app */;
			productType = "com.apple.product-type.application";
		};
/* End PBXNativeTarget section */

/* Begin PBXProject section */
		496EA421204F309A00C2F94A /* Project object */ = {
			isa = PBXProject;
			attributes = {
				LastSwiftUpdateCheck = 0920;
				LastUpgradeCheck = 0920;
				ORGANIZATIONNAME = "Катя Смолякова";
				TargetAttributes = {
					496EA428204F309A00C2F94A = {
						CreatedOnToolsVersion = 9.2;
						ProvisioningStyle = Automatic;
					};
				};
			};
			buildConfigurationList = 496EA424204F309A00C2F94A /* Build configuration list for PBXProject "BarCodeSvannerDemo" */;
			compatibilityVersion = "Xcode 8.0";
			developmentRegion = en;
			hasScannedForEncodings = 0;
			knownRegions = (
				en,
				Base,
			);
			mainGroup = 496EA420204F309A00C2F94A;
			productRefGroup = 496EA42A204F309A00C2F94A /* Products */;
			projectDirPath = "";
			projectRoot = "";
			targets = (
				496EA428204F309A00C2F94A /* BarCodeSvannerDemo */,
			);
		};
/* End PBXProject section */

/* Begin PBXResourcesBuildPhase section */
		496EA427204F309A00C2F94A /* Resources */ = {
			isa = PBXResourcesBuildPhase;
			buildActionMask = 2147483647;
			files = (
				496EA437204F309A00C2F94A /* LaunchScreen.storyboard in Resources */,
				496EA434204F309A00C2F94A /* Assets.xcassets in Resources */,
				496EA432204F309A00C2F94A /* Main.storyboard in Resources */,
			);
			runOnlyForDeploymentPostprocessing = 0;
		};
/* End PBXResourcesBuildPhase section */

/* Begin PBXShellScriptBuildPhase section */
		39ECCE08A2365C870FD5F69D /* [CP] Embed Pods Frameworks */ = {
			isa = PBXShellScriptBuildPhase;
			buildActionMask = 2147483647;
			files = (
			);
			inputPaths = (
				"${SRCROOT}/Pods/Target Support Files/Pods-BarCodeSvannerDemo/Pods-BarCodeSvannerDemo-frameworks.sh",
				"${BUILT_PRODUCTS_DIR}/BarcodeScanner/BarcodeScanner.framework",
			);
			name = "[CP] Embed Pods Frameworks";
			outputPaths = (
				"${TARGET_BUILD_DIR}/${FRAMEWORKS_FOLDER_PATH}/BarcodeScanner.framework",
			);
			runOnlyForDeploymentPostprocessing = 0;
			shellPath = /bin/sh;
			shellScript = "\"${SRCROOT}/Pods/Target Support Files/Pods-BarCodeSvannerDemo/Pods-BarCodeSvannerDemo-frameworks.sh\"\n";
			showEnvVarsInLog = 0;
		};
		AD78A36FBC8D4FA8B04D4C5A /* [CP] Check Pods Manifest.lock */ = {
			isa = PBXShellScriptBuildPhase;
			buildActionMask = 2147483647;
			files = (
			);
			inputPaths = (
				"${PODS_PODFILE_DIR_PATH}/Podfile.lock",
				"${PODS_ROOT}/Manifest.lock",
			);
			name = "[CP] Check Pods Manifest.lock";
			outputPaths = (
				"$(DERIVED_FILE_DIR)/Pods-BarCodeSvannerDemo-checkManifestLockResult.txt",
			);
			runOnlyForDeploymentPostprocessing = 0;
			shellPath = /bin/sh;
			shellScript = "diff \"${PODS_PODFILE_DIR_PATH}/Podfile.lock\" \"${PODS_ROOT}/Manifest.lock\" > /dev/null\nif [ $? != 0 ] ; then\n    # print error to STDERR\n    echo \"error: The sandbox is not in sync with the Podfile.lock. Run 'pod install' or update your CocoaPods installation.\" >&2\n    exit 1\nfi\n# This output is used by Xcode 'outputs' to avoid re-running this script phase.\necho \"SUCCESS\" > \"${SCRIPT_OUTPUT_FILE_0}\"\n";
			showEnvVarsInLog = 0;
		};
		F40ACC65D6C05B845FE509D4 /* [CP] Copy Pods Resources */ = {
			isa = PBXShellScriptBuildPhase;
			buildActionMask = 2147483647;
			files = (
			);
			inputPaths = (
			);
			name = "[CP] Copy Pods Resources";
			outputPaths = (
			);
			runOnlyForDeploymentPostprocessing = 0;
			shellPath = /bin/sh;
			shellScript = "\"${SRCROOT}/Pods/Target Support Files/Pods-BarCodeSvannerDemo/Pods-BarCodeSvannerDemo-resources.sh\"\n";
			showEnvVarsInLog = 0;
		};
/* End PBXShellScriptBuildPhase section */

/* Begin PBXSourcesBuildPhase section */
		496EA425204F309A00C2F94A /* Sources */ = {
			isa = PBXSourcesBuildPhase;
			buildActionMask = 2147483647;
			files = (
				496EA42F204F309A00C2F94A /* ViewController.swift in Sources */,
				496EA42D204F309A00C2F94A /* AppDelegate.swift in Sources */,
			);
			runOnlyForDeploymentPostprocessing = 0;
		};
/* End PBXSourcesBuildPhase section */

/* Begin PBXVariantGroup section */
		496EA430204F309A00C2F94A /* Main.storyboard */ = {
			isa = PBXVariantGroup;
			children = (
				496EA431204F309A00C2F94A /* Base */,
			);
			name = Main.storyboard;
			sourceTree = "<group>";
		};
		496EA435204F309A00C2F94A /* LaunchScreen.storyboard */ = {
			isa = PBXVariantGroup;
			children = (
				496EA436204F309A00C2F94A /* Base */,
			);
			name = LaunchScreen.storyboard;
			sourceTree = "<group>";
		};
/* End PBXVariantGroup section */

/* Begin XCBuildConfiguration section */
		496EA439204F309A00C2F94A /* Debug */ = {
			isa = XCBuildConfiguration;
			buildSettings = {
				ALWAYS_SEARCH_USER_PATHS = NO;
				CLANG_ANALYZER_NONNULL = YES;
				CLANG_ANALYZER_NUMBER_OBJECT_CONVERSION = YES_AGGRESSIVE;
				CLANG_CXX_LANGUAGE_STANDARD = "gnu++14";
				CLANG_CXX_LIBRARY = "libc++";
				CLANG_ENABLE_MODULES = YES;
				CLANG_ENABLE_OBJC_ARC = YES;
				CLANG_WARN_BLOCK_CAPTURE_AUTORELEASING = YES;
				CLANG_WARN_BOOL_CONVERSION = YES;
				CLANG_WARN_COMMA = YES;
				CLANG_WARN_CONSTANT_CONVERSION = YES;
				CLANG_WARN_DIRECT_OBJC_ISA_USAGE = YES_ERROR;
				CLANG_WARN_DOCUMENTATION_COMMENTS = YES;
				CLANG_WARN_EMPTY_BODY = YES;
				CLANG_WARN_ENUM_CONVERSION = YES;
				CLANG_WARN_INFINITE_RECURSION = YES;
				CLANG_WARN_INT_CONVERSION = YES;
				CLANG_WARN_NON_LITERAL_NULL_CONVERSION = YES;
				CLANG_WARN_OBJC_LITERAL_CONVERSION = YES;
				CLANG_WARN_OBJC_ROOT_CLASS = YES_ERROR;
				CLANG_WARN_RANGE_LOOP_ANALYSIS = YES;
				CLANG_WARN_STRICT_PROTOTYPES = YES;
				CLANG_WARN_SUSPICIOUS_MOVE = YES;
				CLANG_WARN_UNGUARDED_AVAILABILITY = YES_AGGRESSIVE;
				CLANG_WARN_UNREACHABLE_CODE = YES;
				CLANG_WARN__DUPLICATE_METHOD_MATCH = YES;
				CODE_SIGN_IDENTITY = "iPhone Developer";
				COPY_PHASE_STRIP = NO;
				DEBUG_INFORMATION_FORMAT = dwarf;
				ENABLE_STRICT_OBJC_MSGSEND = YES;
				ENABLE_TESTABILITY = YES;
				GCC_C_LANGUAGE_STANDARD = gnu11;
				GCC_DYNAMIC_NO_PIC = NO;
				GCC_NO_COMMON_BLOCKS = YES;
				GCC_OPTIMIZATION_LEVEL = 0;
				GCC_PREPROCESSOR_DEFINITIONS = (
					"DEBUG=1",
					"$(inherited)",
				);
				GCC_WARN_64_TO_32_BIT_CONVERSION = YES;
				GCC_WARN_ABOUT_RETURN_TYPE = YES_ERROR;
				GCC_WARN_UNDECLARED_SELECTOR = YES;
				GCC_WARN_UNINITIALIZED_AUTOS = YES_AGGRESSIVE;
				GCC_WARN_UNUSED_FUNCTION = YES;
				GCC_WARN_UNUSED_VARIABLE = YES;
				IPHONEOS_DEPLOYMENT_TARGET = 11.2;
				MTL_ENABLE_DEBUG_INFO = YES;
				ONLY_ACTIVE_ARCH = YES;
				SDKROOT = iphoneos;
				SWIFT_ACTIVE_COMPILATION_CONDITIONS = DEBUG;
				SWIFT_OPTIMIZATION_LEVEL = "-Onone";
			};
			name = Debug;
		};
		496EA43A204F309A00C2F94A /* Release */ = {
			isa = XCBuildConfiguration;
			buildSettings = {
				ALWAYS_SEARCH_USER_PATHS = NO;
				CLANG_ANALYZER_NONNULL = YES;
				CLANG_ANALYZER_NUMBER_OBJECT_CONVERSION = YES_AGGRESSIVE;
				CLANG_CXX_LANGUAGE_STANDARD = "gnu++14";
				CLANG_CXX_LIBRARY = "libc++";
				CLANG_ENABLE_MODULES = YES;
				CLANG_ENABLE_OBJC_ARC = YES;
				CLANG_WARN_BLOCK_CAPTURE_AUTORELEASING = YES;
				CLANG_WARN_BOOL_CONVERSION = YES;
				CLANG_WARN_COMMA = YES;
				CLANG_WARN_CONSTANT_CONVERSION = YES;
				CLANG_WARN_DIRECT_OBJC_ISA_USAGE = YES_ERROR;
				CLANG_WARN_DOCUMENTATION_COMMENTS = YES;
				CLANG_WARN_EMPTY_BODY = YES;
				CLANG_WARN_ENUM_CONVERSION = YES;
				CLANG_WARN_INFINITE_RECURSION = YES;
				CLANG_WARN_INT_CONVERSION = YES;
				CLANG_WARN_NON_LITERAL_NULL_CONVERSION = YES;
				CLANG_WARN_OBJC_LITERAL_CONVERSION = YES;
				CLANG_WARN_OBJC_ROOT_CLASS = YES_ERROR;
				CLANG_WARN_RANGE_LOOP_ANALYSIS = YES;
				CLANG_WARN_STRICT_PROTOTYPES = YES;
				CLANG_WARN_SUSPICIOUS_MOVE = YES;
				CLANG_WARN_UNGUARDED_AVAILABILITY = YES_AGGRESSIVE;
				CLANG_WARN_UNREACHABLE_CODE = YES;
				CLANG_WARN__DUPLICATE_METHOD_MATCH = YES;
				CODE_SIGN_IDENTITY = "iPhone Developer";
				COPY_PHASE_STRIP = NO;
				DEBUG_INFORMATION_FORMAT = "dwarf-with-dsym";
				ENABLE_NS_ASSERTIONS = NO;
				ENABLE_STRICT_OBJC_MSGSEND = YES;
				GCC_C_LANGUAGE_STANDARD = gnu11;
				GCC_NO_COMMON_BLOCKS = YES;
				GCC_WARN_64_TO_32_BIT_CONVERSION = YES;
				GCC_WARN_ABOUT_RETURN_TYPE = YES_ERROR;
				GCC_WARN_UNDECLARED_SELECTOR = YES;
				GCC_WARN_UNINITIALIZED_AUTOS = YES_AGGRESSIVE;
				GCC_WARN_UNUSED_FUNCTION = YES;
				GCC_WARN_UNUSED_VARIABLE = YES;
				IPHONEOS_DEPLOYMENT_TARGET = 11.2;
				MTL_ENABLE_DEBUG_INFO = NO;
				SDKROOT = iphoneos;
				SWIFT_OPTIMIZATION_LEVEL = "-Owholemodule";
				VALIDATE_PRODUCT = YES;
			};
			name = Release;
		};
		496EA43C204F309A00C2F94A /* Debug */ = {
			isa = XCBuildConfiguration;
			baseConfigurationReference = 6EAAE8F78675B50FADBC857E /* Pods-BarCodeSvannerDemo.debug.xcconfig */;
			buildSettings = {
				ASSETCATALOG_COMPILER_APPICON_NAME = AppIcon;
				CODE_SIGN_STYLE = Automatic;
				DEVELOPMENT_TEAM = 5CS39XJNQ8;
				INFOPLIST_FILE = BarCodeSvannerDemo/Info.plist;
				LD_RUNPATH_SEARCH_PATHS = "$(inherited) @executable_path/Frameworks";
				PRODUCT_BUNDLE_IDENTIFIER = smoliakova.BarCodeSvannerDemo;
				PRODUCT_NAME = "$(TARGET_NAME)";
				SWIFT_VERSION = 4.0;
				TARGETED_DEVICE_FAMILY = "1,2";
			};
			name = Debug;
		};
		496EA43D204F309A00C2F94A /* Release */ = {
			isa = XCBuildConfiguration;
			baseConfigurationReference = 4B24EBC305B0A7905B8EF8A9 /* Pods-BarCodeSvannerDemo.release.xcconfig */;
			buildSettings = {
				ASSETCATALOG_COMPILER_APPICON_NAME = AppIcon;
				CODE_SIGN_STYLE = Automatic;
				DEVELOPMENT_TEAM = 5CS39XJNQ8;
				INFOPLIST_FILE = BarCodeSvannerDemo/Info.plist;
				LD_RUNPATH_SEARCH_PATHS = "$(inherited) @executable_path/Frameworks";
				PRODUCT_BUNDLE_IDENTIFIER = smoliakova.BarCodeSvannerDemo;
				PRODUCT_NAME = "$(TARGET_NAME)";
				SWIFT_VERSION = 4.0;
				TARGETED_DEVICE_FAMILY = "1,2";
			};
			name = Release;
		};
/* End XCBuildConfiguration section */

/* Begin XCConfigurationList section */
		496EA424204F309A00C2F94A /* Build configuration list for PBXProject "BarCodeSvannerDemo" */ = {
			isa = XCConfigurationList;
			buildConfigurations = (
				496EA439204F309A00C2F94A /* Debug */,
				496EA43A204F309A00C2F94A /* Release */,
			);
			defaultConfigurationIsVisible = 0;
			defaultConfigurationName = Release;
		};
		496EA43B204F309A00C2F94A /* Build configuration list for PBXNativeTarget "BarCodeSvannerDemo" */ = {
			isa = XCConfigurationList;
			buildConfigurations = (
				496EA43C204F309A00C2F94A /* Debug */,
				496EA43D204F309A00C2F94A /* Release */,
			);
			defaultConfigurationIsVisible = 0;
			defaultConfigurationName = Release;
		};
/* End XCConfigurationList section */
	};
	rootObject = 496EA421204F309A00C2F94A /* Project object */;
}
